{
  "name": "pickle-lint-with-gherkin-5.1.0-test",
  "version": "1.0.0",
  "lockfileVersion": 1,
  "requires": true,
  "dependencies": {
    "gherkin": {
      "version": "5.1.0",
      "resolved": "https://registry.npmjs.org/gherkin/-/gherkin-5.1.0.tgz",
      "integrity": "sha1-aEu7A63STq9731RPWAM+so+zxtU="
    },
    "pickle-lint": {
      "version": "file:../..",
      "requires": {
        "chalk": "^2.4.2",
        "commander": "^2.20.0",
        "gherkin": "^5.1.0",
        "glob": "^7.1.4"
      }
    }
  }
}
